
Microsoft Visual Studio Solution File, Format Version 12.00
# Visual Studio Version 16
VisualStudioVersion = 16.0.30011.22
MinimumVisualStudioVersion = 10.0.40219.1
Project("{FAE04EC0-301F-11D3-BF4B-00C04F79EFBC}") = "SalesWebMvc", "SalesWebMvc\SalesWebMvc.csproj", "{DA229EC7-D400-4917-A4E0-67BF02D97EF3}"
EndProject
Global
	GlobalSection(SolutionConfigurationPlatforms) = preSolution
		Debug|Any CPU = Debug|Any CPU
		Release|Any CPU = Release|Any CPU
	EndGlobalSection
	GlobalSection(ProjectConfigurationPlatforms) = postSolution
		{DA229EC7-D400-4917-A4E0-67BF02D97EF3}.Debug|Any CPU.ActiveCfg = Debug|Any CPU
		{DA229EC7-D400-4917-A4E0-67BF02D97EF3}.Debug|Any CPU.Build.0 = Debug|Any CPU
		{DA229EC7-D400-4917-A4E0-67BF02D97EF3}.Release|Any CPU.ActiveCfg = Release|Any CPU
		{DA229EC7-D400-4917-A4E0-67BF02D97EF3}.Release|Any CPU.Build.0 = Release|Any CPU
	EndGlobalSection
	GlobalSection(SolutionProperties) = preSolution
		HideSolutionNode = FALSE
	EndGlobalSection
	GlobalSection(ExtensibilityGlobals) = postSolution
		SolutionGuid = {BBC5B5C0-A2CF-4A33-969E-514FECF36CD0}
	EndGlobalSection
EndGlobal
